
Microsoft Visual Studio Solution File, Format Version 12.00
# Visual Studio Version 17
VisualStudioVersion = 17.8.34525.116
MinimumVisualStudioVersion = 10.0.40219.1
Project("{9A19103F-16F7-4668-BE54-9A1E7A4F7556}") = "testyRPR", "testyRPR\testyRPR.csproj", "{B075FBA4-9AD6-48F4-8BD0-608F5E3F2FDA}"
EndProject
Project("{FAE04EC0-301F-11D3-BF4B-00C04F79EFBC}") = "ClenCechuTest", "ClenCechuTest\ClenCechuTest.csproj", "{E4B92202-117F-44CB-ACCB-D63802F10A5A}"
EndProject
Global
	GlobalSection(SolutionConfigurationPlatforms) = preSolution
		Debug|Any CPU = Debug|Any CPU
		Release|Any CPU = Release|Any CPU
	EndGlobalSection
	GlobalSection(ProjectConfigurationPlatforms) = postSolution
		{B075FBA4-9AD6-48F4-8BD0-608F5E3F2FDA}.Debug|Any CPU.ActiveCfg = Debug|Any CPU
		{B075FBA4-9AD6-48F4-8BD0-608F5E3F2FDA}.Debug|Any CPU.Build.0 = Debug|Any CPU
		{B075FBA4-9AD6-48F4-8BD0-608F5E3F2FDA}.Release|Any CPU.ActiveCfg = Release|Any CPU
		{B075FBA4-9AD6-48F4-8BD0-608F5E3F2FDA}.Release|Any CPU.Build.0 = Release|Any CPU
		{E4B92202-117F-44CB-ACCB-D63802F10A5A}.Debug|Any CPU.ActiveCfg = Debug|Any CPU
		{E4B92202-117F-44CB-ACCB-D63802F10A5A}.Debug|Any CPU.Build.0 = Debug|Any CPU
		{E4B92202-117F-44CB-ACCB-D63802F10A5A}.Release|Any CPU.ActiveCfg = Release|Any CPU
		{E4B92202-117F-44CB-ACCB-D63802F10A5A}.Release|Any CPU.Build.0 = Release|Any CPU
	EndGlobalSection
	GlobalSection(SolutionProperties) = preSolution
		HideSolutionNode = FALSE
	EndGlobalSection
	GlobalSection(ExtensibilityGlobals) = postSolution
		SolutionGuid = {21A14AA4-E3C1-4007-AD7A-93539A8B387B}
	EndGlobalSection
EndGlobal
